// !$*UTF8*$!
{
	archiveVersion = 1;
	classes = {
	};
	objectVersion = 50;
	objects = {

/* Begin PBXBuildFile section */
		ED9BF50623A7C52100E20D46 /* AppDelegate.m in Sources */ = {isa = PBXBuildFile; fileRef = ED9BF50523A7C52100E20D46 /* AppDelegate.m */; };
		ED9BF50923A7C52100E20D46 /* ViewController.m in Sources */ = {isa = PBXBuildFile; fileRef = ED9BF50823A7C52100E20D46 /* ViewController.m */; };
		ED9BF50C23A7C52100E20D46 /* Main.storyboard in Resources */ = {isa = PBXBuildFile; fileRef = ED9BF50A23A7C52100E20D46 /* Main.storyboard */; };
		ED9BF50E23A7C52300E20D46 /* Assets.xcassets in Resources */ = {isa = PBXBuildFile; fileRef = ED9BF50D23A7C52300E20D46 /* Assets.xcassets */; };
		ED9BF51123A7C52300E20D46 /* LaunchScreen.storyboard in Resources */ = {isa = PBXBuildFile; fileRef = ED9BF50F23A7C52300E20D46 /* LaunchScreen.storyboard */; };
		ED9BF51423A7C52300E20D46 /* main.m in Sources */ = {isa = PBXBuildFile; fileRef = ED9BF51323A7C52300E20D46 /* main.m */; };
		ED9BF51C23A7E3D600E20D46 /* CoreBluetooth.framework in Frameworks */ = {isa = PBXBuildFile; fileRef = ED9BF51B23A7E3D600E20D46 /* CoreBluetooth.framework */; };
/* End PBXBuildFile section */

/* Begin PBXFileReference section */
		ED9BF50123A7C52100E20D46 /* BlueToothTest.app */ = {isa = PBXFileReference; explicitFileType = wrapper.application; includeInIndex = 0; path = BlueToothTest.app; sourceTree = BUILT_PRODUCTS_DIR; };
		ED9BF50423A7C52100E20D46 /* AppDelegate.h */ = {isa = PBXFileReference; lastKnownFileType = sourcecode.c.h; path = AppDelegate.h; sourceTree = "<group>"; };
		ED9BF50523A7C52100E20D46 /* AppDelegate.m */ = {isa = PBXFileReference; lastKnownFileType = sourcecode.c.objc; path = AppDelegate.m; sourceTree = "<group>"; };
		ED9BF50723A7C52100E20D46 /* ViewController.h */ = {isa = PBXFileReference; lastKnownFileType = sourcecode.c.h; path = ViewController.h; sourceTree = "<group>"; };
		ED9BF50823A7C52100E20D46 /* ViewController.m */ = {isa = PBXFileReference; lastKnownFileType = sourcecode.c.objc; path = ViewController.m; sourceTree = "<group>"; };
		ED9BF50B23A7C52100E20D46 /* Base */ = {isa = PBXFileReference; lastKnownFileType = file.storyboard; name = Base; path = Base.lproj/Main.storyboard; sourceTree = "<group>"; };
		ED9BF50D23A7C52300E20D46 /* Assets.xcassets */ = {isa = PBXFileReference; lastKnownFileType = folder.assetcatalog; path = Assets.xcassets; sourceTree = "<group>"; };
		ED9BF51023A7C52300E20D46 /* Base */ = {isa = PBXFileReference; lastKnownFileType = file.storyboard; name = Base; path = Base.lproj/LaunchScreen.storyboard; sourceTree = "<group>"; };
		ED9BF51223A7C52300E20D46 /* Info.plist */ = {isa = PBXFileReference; lastKnownFileType = text.plist.xml; path = Info.plist; sourceTree = "<group>"; };
		ED9BF51323A7C52300E20D46 /* main.m */ = {isa = PBXFileReference; lastKnownFileType = sourcecode.c.objc; path = main.m; sourceTree = "<group>"; };
		ED9BF51B23A7E3D600E20D46 /* CoreBluetooth.framework */ = {isa = PBXFileReference; lastKnownFileType = wrapper.framework; name = CoreBluetooth.framework; path = System/Library/Frameworks/CoreBluetooth.framework; sourceTree = SDKROOT; };
/* End PBXFileReference section */

/* Begin PBXFrameworksBuildPhase section */
		ED9BF4FE23A7C52100E20D46 /* Frameworks */ = {
			isa = PBXFrameworksBuildPhase;
			buildActionMask = 2147483647;
			files = (
				ED9BF51C23A7E3D600E20D46 /* CoreBluetooth.framework in Frameworks */,
			);
			runOnlyForDeploymentPostprocessing = 0;
		};
/* End PBXFrameworksBuildPhase section */

/* Begin PBXGroup section */
		ED9BF4F823A7C52100E20D46 = {
			isa = PBXGroup;
			children = (
				ED9BF50323A7C52100E20D46 /* BlueToothTest */,
				ED9BF50223A7C52100E20D46 /* Products */,
				ED9BF51A23A7E3D600E20D46 /* Frameworks */,
			);
			sourceTree = "<group>";
		};
		ED9BF50223A7C52100E20D46 /* Products */ = {
			isa = PBXGroup;
			children = (
				ED9BF50123A7C52100E20D46 /* BlueToothTest.app */,
			);
			name = Products;
			sourceTree = "<group>";
		};
		ED9BF50323A7C52100E20D46 /* BlueToothTest */ = {
			isa = PBXGroup;
			children = (
				ED9BF50423A7C52100E20D46 /* AppDelegate.h */,
				ED9BF50523A7C52100E20D46 /* AppDelegate.m */,
				ED9BF50723A7C52100E20D46 /* ViewController.h */,
				ED9BF50823A7C52100E20D46 /* ViewController.m */,
				ED9BF50A23A7C52100E20D46 /* Main.storyboard */,
				ED9BF50D23A7C52300E20D46 /* Assets.xcassets */,
				ED9BF50F23A7C52300E20D46 /* LaunchScreen.storyboard */,
				ED9BF51223A7C52300E20D46 /* Info.plist */,
				ED9BF51323A7C52300E20D46 /* main.m */,
			);
			path = BlueToothTest;
			sourceTree = "<group>";
		};
		ED9BF51A23A7E3D600E20D46 /* Frameworks */ = {
			isa = PBXGroup;
			children = (
				ED9BF51B23A7E3D600E20D46 /* CoreBluetooth.framework */,
			);
			name = Frameworks;
			sourceTree = "<group>";
		};
/* End PBXGroup section */

/* Begin PBXNativeTarget section */
		ED9BF50023A7C52100E20D46 /* BlueToothTest */ = {
			isa = PBXNativeTarget;
			buildConfigurationList = ED9BF51723A7C52300E20D46 /* Build configuration list for PBXNativeTarget "BlueToothTest" */;
			buildPhases = (
				ED9BF4FD23A7C52100E20D46 /* Sources */,
				ED9BF4FE23A7C52100E20D46 /* Frameworks */,
				ED9BF4FF23A7C52100E20D46 /* Resources */,
			);
			buildRules = (
			);
			dependencies = (
			);
			name = BlueToothTest;
			productName = BlueToothTest;
			productReference = ED9BF50123A7C52100E20D46 /* BlueToothTest.app */;
			productType = "com.apple.product-type.application";
		};
/* End PBXNativeTarget section */

/* Begin PBXProject section */
		ED9BF4F923A7C52100E20D46 /* Project object */ = {
			isa = PBXProject;
			attributes = {
				LastUpgradeCheck = 1020;
				ORGANIZATIONNAME = Ant;
				TargetAttributes = {
					ED9BF50023A7C52100E20D46 = {
						CreatedOnToolsVersion = 10.2;
					};
				};
			};
			buildConfigurationList = ED9BF4FC23A7C52100E20D46 /* Build configuration list for PBXProject "BlueToothTest" */;
			compatibilityVersion = "Xcode 9.3";
			developmentRegion = en;
			hasScannedForEncodings = 0;
			knownRegions = (
				en,
				Base,
			);
			mainGroup = ED9BF4F823A7C52100E20D46;
			productRefGroup = ED9BF50223A7C52100E20D46 /* Products */;
			projectDirPath = "";
			projectRoot = "";
			targets = (
				ED9BF50023A7C52100E20D46 /* BlueToothTest */,
			);
		};
/* End PBXProject section */

/* Begin PBXResourcesBuildPhase section */
		ED9BF4FF23A7C52100E20D46 /* Resources */ = {
			isa = PBXResourcesBuildPhase;
			buildActionMask = 2147483647;
			files = (
				ED9BF51123A7C52300E20D46 /* LaunchScreen.storyboard in Resources */,
				ED9BF50E23A7C52300E20D46 /* Assets.xcassets in Resources */,
				ED9BF50C23A7C52100E20D46 /* Main.storyboard in Resources */,
			);
			runOnlyForDeploymentPostprocessing = 0;
		};
/* End PBXResourcesBuildPhase section */

/* Begin PBXSourcesBuildPhase section */
		ED9BF4FD23A7C52100E20D46 /* Sources */ = {
			isa = PBXSourcesBuildPhase;
			buildActionMask = 2147483647;
			files = (
				ED9BF50923A7C52100E20D46 /* ViewController.m in Sources */,
				ED9BF51423A7C52300E20D46 /* main.m in Sources */,
				ED9BF50623A7C52100E20D46 /* AppDelegate.m in Sources */,
			);
			runOnlyForDeploymentPostprocessing = 0;
		};
/* End PBXSourcesBuildPhase section */

/* Begin PBXVariantGroup section */
		ED9BF50A23A7C52100E20D46 /* Main.storyboard */ = {
			isa = PBXVariantGroup;
			children = (
				ED9BF50B23A7C52100E20D46 /* Base */,
			);
			name = Main.storyboard;
			sourceTree = "<group>";
		};
		ED9BF50F23A7C52300E20D46 /* LaunchScreen.storyboard */ = {
			isa = PBXVariantGroup;
			children = (
				ED9BF51023A7C52300E20D46 /* Base */,
			);
			name = LaunchScreen.storyboard;
			sourceTree = "<group>";
		};
/* End PBXVariantGroup section */

/* Begin XCBuildConfiguration section */
		ED9BF51523A7C52300E20D46 /* Debug */ = {
			isa = XCBuildConfiguration;
			buildSettings = {
				ALWAYS_SEARCH_USER_PATHS = NO;
				CLANG_ANALYZER_NONNULL = YES;
				CLANG_ANALYZER_NUMBER_OBJECT_CONVERSION = YES_AGGRESSIVE;
				CLANG_CXX_LANGUAGE_STANDARD = "gnu++14";
				CLANG_CXX_LIBRARY = "libc++";
				CLANG_ENABLE_MODULES = YES;
				CLANG_ENABLE_OBJC_ARC = YES;
				CLANG_ENABLE_OBJC_WEAK = YES;
				CLANG_WARN_BLOCK_CAPTURE_AUTORELEASING = YES;
				CLANG_WARN_BOOL_CONVERSION = YES;
				CLANG_WARN_COMMA = YES;
				CLANG_WARN_CONSTANT_CONVERSION = YES;
				CLANG_WARN_DEPRECATED_OBJC_IMPLEMENTATIONS = YES;
				CLANG_WARN_DIRECT_OBJC_ISA_USAGE = YES_ERROR;
				CLANG_WARN_DOCUMENTATION_COMMENTS = YES;
				CLANG_WARN_EMPTY_BODY = YES;
				CLANG_WARN_ENUM_CONVERSION = YES;
				CLANG_WARN_INFINITE_RECURSION = YES;
				CLANG_WARN_INT_CONVERSION = YES;
				CLANG_WARN_NON_LITERAL_NULL_CONVERSION = YES;
				CLANG_WARN_OBJC_IMPLICIT_RETAIN_SELF = YES;
				CLANG_WARN_OBJC_LITERAL_CONVERSION = YES;
				CLANG_WARN_OBJC_ROOT_CLASS = YES_ERROR;
				CLANG_WARN_RANGE_LOOP_ANALYSIS = YES;
				CLANG_WARN_STRICT_PROTOTYPES = YES;
				CLANG_WARN_SUSPICIOUS_MOVE = YES;
				CLANG_WARN_UNGUARDED_AVAILABILITY = YES_AGGRESSIVE;
				CLANG_WARN_UNREACHABLE_CODE = YES;
				CLANG_WARN__DUPLICATE_METHOD_MATCH = YES;
				CODE_SIGN_IDENTITY = "iPhone Developer";
				COPY_PHASE_STRIP = NO;
				DEBUG_INFORMATION_FORMAT = dwarf;
				ENABLE_STRICT_OBJC_MSGSEND = YES;
				ENABLE_TESTABILITY = YES;
				GCC_C_LANGUAGE_STANDARD = gnu11;
				GCC_DYNAMIC_NO_PIC = NO;
				GCC_NO_COMMON_BLOCKS = YES;
				GCC_OPTIMIZATION_LEVEL = 0;
				GCC_PREPROCESSOR_DEFINITIONS = (
					"DEBUG=1",
					"$(inherited)",
				);
				GCC_WARN_64_TO_32_BIT_CONVERSION = YES;
				GCC_WARN_ABOUT_RETURN_TYPE = YES_ERROR;
				GCC_WARN_UNDECLARED_SELECTOR = YES;
				GCC_WARN_UNINITIALIZED_AUTOS = YES_AGGRESSIVE;
				GCC_WARN_UNUSED_FUNCTION = YES;
				GCC_WARN_UNUSED_VARIABLE = YES;
				IPHONEOS_DEPLOYMENT_TARGET = 12.2;
				MTL_ENABLE_DEBUG_INFO = INCLUDE_SOURCE;
				MTL_FAST_MATH = YES;
				ONLY_ACTIVE_ARCH = YES;
				SDKROOT = iphoneos;
			};
			name = Debug;
		};
		ED9BF51623A7C52300E20D46 /* Release */ = {
			isa = XCBuildConfiguration;
			buildSettings = {
				ALWAYS_SEARCH_USER_PATHS = NO;
				CLANG_ANALYZER_NONNULL = YES;
				CLANG_ANALYZER_NUMBER_OBJECT_CONVERSION = YES_AGGRESSIVE;
				CLANG_CXX_LANGUAGE_STANDARD = "gnu++14";
				CLANG_CXX_LIBRARY = "libc++";
				CLANG_ENABLE_MODULES = YES;
				CLANG_ENABLE_OBJC_ARC = YES;
				CLANG_ENABLE_OBJC_WEAK = YES;
				CLANG_WARN_BLOCK_CAPTURE_AUTORELEASING = YES;
				CLANG_WARN_BOOL_CONVERSION = YES;
				CLANG_WARN_COMMA = YES;
				CLANG_WARN_CONSTANT_CONVERSION = YES;
				CLANG_WARN_DEPRECATED_OBJC_IMPLEMENTATIONS = YES;
				CLANG_WARN_DIRECT_OBJC_ISA_USAGE = YES_ERROR;
				CLANG_WARN_DOCUMENTATION_COMMENTS = YES;
				CLANG_WARN_EMPTY_BODY = YES;
				CLANG_WARN_ENUM_CONVERSION = YES;
				CLANG_WARN_INFINITE_RECURSION = YES;
				CLANG_WARN_INT_CONVERSION = YES;
				CLANG_WARN_NON_LITERAL_NULL_CONVERSION = YES;
				CLANG_WARN_OBJC_IMPLICIT_RETAIN_SELF = YES;
				CLANG_WARN_OBJC_LITERAL_CONVERSION = YES;
				CLANG_WARN_OBJC_ROOT_CLASS = YES_ERROR;
				CLANG_WARN_RANGE_LOOP_ANALYSIS = YES;
				CLANG_WARN_STRICT_PROTOTYPES = YES;
				CLANG_WARN_SUSPICIOUS_MOVE = YES;
				CLANG_WARN_UNGUARDED_AVAILABILITY = YES_AGGRESSIVE;
				CLANG_WARN_UNREACHABLE_CODE = YES;
				CLANG_WARN__DUPLICATE_METHOD_MATCH = YES;
				CODE_SIGN_IDENTITY = "iPhone Developer";
				COPY_PHASE_STRIP = NO;
				DEBUG_INFORMATION_FORMAT = "dwarf-with-dsym";
				ENABLE_NS_ASSERTIONS = NO;
				ENABLE_STRICT_OBJC_MSGSEND = YES;
				GCC_C_LANGUAGE_STANDARD = gnu11;
				GCC_NO_COMMON_BLOCKS = YES;
				GCC_WARN_64_TO_32_BIT_CONVERSION = YES;
				GCC_WARN_ABOUT_RETURN_TYPE = YES_ERROR;
				GCC_WARN_UNDECLARED_SELECTOR = YES;
				GCC_WARN_UNINITIALIZED_AUTOS = YES_AGGRESSIVE;
				GCC_WARN_UNUSED_FUNCTION = YES;
				GCC_WARN_UNUSED_VARIABLE = YES;
				IPHONEOS_DEPLOYMENT_TARGET = 12.2;
				MTL_ENABLE_DEBUG_INFO = NO;
				MTL_FAST_MATH = YES;
				SDKROOT = iphoneos;
				VALIDATE_PRODUCT = YES;
			};
			name = Release;
		};
		ED9BF51823A7C52300E20D46 /* Debug */ = {
			isa = XCBuildConfiguration;
			buildSettings = {
				ASSETCATALOG_COMPILER_APPICON_NAME = AppIcon;
				CODE_SIGN_STYLE = Automatic;
				DEVELOPMENT_TEAM = GYWS4WV6FL;
				INFOPLIST_FILE = BlueToothTest/Info.plist;
				IPHONEOS_DEPLOYMENT_TARGET = 9.0;
				LD_RUNPATH_SEARCH_PATHS = (
					"$(inherited)",
					"@executable_path/Frameworks",
				);
				PRODUCT_BUNDLE_IDENTIFIER = com.DH.BlueToothTest;
				PRODUCT_NAME = "$(TARGET_NAME)";
				TARGETED_DEVICE_FAMILY = "1,2";
			};
			name = Debug;
		};
		ED9BF51923A7C52300E20D46 /* Release */ = {
			isa = XCBuildConfiguration;
			buildSettings = {
				ASSETCATALOG_COMPILER_APPICON_NAME = AppIcon;
				CODE_SIGN_STYLE = Automatic;
				DEVELOPMENT_TEAM = GYWS4WV6FL;
				INFOPLIST_FILE = BlueToothTest/Info.plist;
				IPHONEOS_DEPLOYMENT_TARGET = 9.0;
				LD_RUNPATH_SEARCH_PATHS = (
					"$(inherited)",
					"@executable_path/Frameworks",
				);
				PRODUCT_BUNDLE_IDENTIFIER = com.DH.BlueToothTest;
				PRODUCT_NAME = "$(TARGET_NAME)";
				TARGETED_DEVICE_FAMILY = "1,2";
			};
			name = Release;
		};
/* End XCBuildConfiguration section */

/* Begin XCConfigurationList section */
		ED9BF4FC23A7C52100E20D46 /* Build configuration list for PBXProject "BlueToothTest" */ = {
			isa = XCConfigurationList;
			buildConfigurations = (
				ED9BF51523A7C52300E20D46 /* Debug */,
				ED9BF51623A7C52300E20D46 /* Release */,
			);
			defaultConfigurationIsVisible = 0;
			defaultConfigurationName = Release;
		};
		ED9BF51723A7C52300E20D46 /* Build configuration list for PBXNativeTarget "BlueToothTest" */ = {
			isa = XCConfigurationList;
			buildConfigurations = (
				ED9BF51823A7C52300E20D46 /* Debug */,
				ED9BF51923A7C52300E20D46 /* Release */,
			);
			defaultConfigurationIsVisible = 0;
			defaultConfigurationName = Release;
		};
/* End XCConfigurationList section */
	};
	rootObject = ED9BF4F923A7C52100E20D46 /* Project object */;
}
